# THIS IS AN AUTOGENERATED FILE. DO NOT EDIT THIS FILE DIRECTLY.
# yarn lockfile v1


"@esbuild/android-arm64@0.19.9":
  version "0.19.9"
  resolved "https://registry.yarnpkg.com/@esbuild/android-arm64/-/android-arm64-0.19.9.tgz#683794bdc3d27222d3eced7b74cad15979548031"
  integrity sha512-q4cR+6ZD0938R19MyEW3jEsMzbb/1rulLXiNAJQADD/XYp7pT+rOS5JGxvpRW8dFDEfjW4wLgC/3FXIw4zYglQ==

"@esbuild/android-arm@0.19.9":
  version "0.19.9"
  resolved "https://registry.yarnpkg.com/@esbuild/android-arm/-/android-arm-0.19.9.tgz#21a4de41f07b2af47401c601d64dfdefd056c595"
  integrity sha512-jkYjjq7SdsWuNI6b5quymW0oC83NN5FdRPuCbs9HZ02mfVdAP8B8eeqLSYU3gb6OJEaY5CQabtTFbqBf26H3GA==

"@esbuild/android-x64@0.19.9":
  version "0.19.9"
  resolved "https://registry.yarnpkg.com/@esbuild/android-x64/-/android-x64-0.19.9.tgz#e2d7674bc025ddc8699f0cc76cb97823bb63c252"
  integrity sha512-KOqoPntWAH6ZxDwx1D6mRntIgZh9KodzgNOy5Ebt9ghzffOk9X2c1sPwtM9P+0eXbefnDhqYfkh5PLP5ULtWFA==

"@esbuild/darwin-arm64@0.19.9":
  version "0.19.9"
  resolved "https://registry.yarnpkg.com/@esbuild/darwin-arm64/-/darwin-arm64-0.19.9.tgz#ae7a582289cc5c0bac15d4b9020a90cb7288f1e9"
  integrity sha512-KBJ9S0AFyLVx2E5D8W0vExqRW01WqRtczUZ8NRu+Pi+87opZn5tL4Y0xT0mA4FtHctd0ZgwNoN639fUUGlNIWw==

"@esbuild/darwin-x64@0.19.9":
  version "0.19.9"
  resolved "https://registry.yarnpkg.com/@esbuild/darwin-x64/-/darwin-x64-0.19.9.tgz#8a216c66dcf51addeeb843d8cfaeff712821d12b"
  integrity sha512-vE0VotmNTQaTdX0Q9dOHmMTao6ObjyPm58CHZr1UK7qpNleQyxlFlNCaHsHx6Uqv86VgPmR4o2wdNq3dP1qyDQ==

"@esbuild/freebsd-arm64@0.19.9":
  version "0.19.9"
  resolved "https://registry.yarnpkg.com/@esbuild/freebsd-arm64/-/freebsd-arm64-0.19.9.tgz#63d4f603e421252c3cd836b18d01545be7c6c440"
  integrity sha512-uFQyd/o1IjiEk3rUHSwUKkqZwqdvuD8GevWF065eqgYfexcVkxh+IJgwTaGZVu59XczZGcN/YMh9uF1fWD8j1g==

"@esbuild/freebsd-x64@0.19.9":
  version "0.19.9"
  resolved "https://registry.yarnpkg.com/@esbuild/freebsd-x64/-/freebsd-x64-0.19.9.tgz#a3db52595be65360eae4de1d1fa3c1afd942e1e4"
  integrity sha512-WMLgWAtkdTbTu1AWacY7uoj/YtHthgqrqhf1OaEWnZb7PQgpt8eaA/F3LkV0E6K/Lc0cUr/uaVP/49iE4M4asA==

"@esbuild/linux-arm64@0.19.9":
  version "0.19.9"
  resolved "https://registry.yarnpkg.com/@esbuild/linux-arm64/-/linux-arm64-0.19.9.tgz#4ae5811ce9f8d7df5eb9edd9765ea9401a534f13"
  integrity sha512-PiPblfe1BjK7WDAKR1Cr9O7VVPqVNpwFcPWgfn4xu0eMemzRp442hXyzF/fSwgrufI66FpHOEJk0yYdPInsmyQ==

"@esbuild/linux-arm@0.19.9":
  version "0.19.9"
  resolved "https://registry.yarnpkg.com/@esbuild/linux-arm/-/linux-arm-0.19.9.tgz#9807e92cfd335f46326394805ad488e646e506f2"
  integrity sha512-C/ChPohUYoyUaqn1h17m/6yt6OB14hbXvT8EgM1ZWaiiTYz7nWZR0SYmMnB5BzQA4GXl3BgBO1l8MYqL/He3qw==

"@esbuild/linux-ia32@0.19.9":
  version "0.19.9"
  resolved "https://registry.yarnpkg.com/@esbuild/linux-ia32/-/linux-ia32-0.19.9.tgz#18892c10f3106652b16f9da88a0362dc95ed46c7"
  integrity sha512-f37i/0zE0MjDxijkPSQw1CO/7C27Eojqb+r3BbHVxMLkj8GCa78TrBZzvPyA/FNLUMzP3eyHCVkAopkKVja+6Q==

"@esbuild/linux-loong64@0.19.9":
  version "0.19.9"
  resolved "https://registry.yarnpkg.com/@esbuild/linux-loong64/-/linux-loong64-0.19.9.tgz#dc2ebf9a125db0a1bba18c2bbfd4fbdcbcaf61c2"
  integrity sha512-t6mN147pUIf3t6wUt3FeumoOTPfmv9Cc6DQlsVBpB7eCpLOqQDyWBP1ymXn1lDw4fNUSb/gBcKAmvTP49oIkaA==

"@esbuild/linux-mips64el@0.19.9":
  version "0.19.9"
  resolved "https://registry.yarnpkg.com/@esbuild/linux-mips64el/-/linux-mips64el-0.19.9.tgz#4c2f7c5d901015e3faf1563c4a89a50776cb07fd"
  integrity sha512-jg9fujJTNTQBuDXdmAg1eeJUL4Jds7BklOTkkH80ZgQIoCTdQrDaHYgbFZyeTq8zbY+axgptncko3v9p5hLZtw==

"@esbuild/linux-ppc64@0.19.9":
  version "0.19.9"
  resolved "https://registry.yarnpkg.com/@esbuild/linux-ppc64/-/linux-ppc64-0.19.9.tgz#8385332713b4e7812869622163784a5633f76fc4"
  integrity sha512-tkV0xUX0pUUgY4ha7z5BbDS85uI7ABw3V1d0RNTii7E9lbmV8Z37Pup2tsLV46SQWzjOeyDi1Q7Wx2+QM8WaCQ==

"@esbuild/linux-riscv64@0.19.9":
  version "0.19.9"
  resolved "https://registry.yarnpkg.com/@esbuild/linux-riscv64/-/linux-riscv64-0.19.9.tgz#23f1db24fa761be311874f32036c06249aa20cba"
  integrity sha512-DfLp8dj91cufgPZDXr9p3FoR++m3ZJ6uIXsXrIvJdOjXVREtXuQCjfMfvmc3LScAVmLjcfloyVtpn43D56JFHg==

"@esbuild/linux-s390x@0.19.9":
  version "0.19.9"
  resolved "https://registry.yarnpkg.com/@esbuild/linux-s390x/-/linux-s390x-0.19.9.tgz#2dffe497726b897c9f0109e774006e25b33b4fd0"
  integrity sha512-zHbglfEdC88KMgCWpOl/zc6dDYJvWGLiUtmPRsr1OgCViu3z5GncvNVdf+6/56O2Ca8jUU+t1BW261V6kp8qdw==

"@esbuild/linux-x64@0.19.9":
  version "0.19.9"
  resolved "https://registry.yarnpkg.com/@esbuild/linux-x64/-/linux-x64-0.19.9.tgz#ceb1d62cd830724ff5b218e5d3172a8bad59420e"
  integrity sha512-JUjpystGFFmNrEHQnIVG8hKwvA2DN5o7RqiO1CVX8EN/F/gkCjkUMgVn6hzScpwnJtl2mPR6I9XV1oW8k9O+0A==

"@esbuild/netbsd-x64@0.19.9":
  version "0.19.9"
  resolved "https://registry.yarnpkg.com/@esbuild/netbsd-x64/-/netbsd-x64-0.19.9.tgz#0cbca65e9ef4d3fc41502d3e055e6f49479a8f18"
  integrity sha512-GThgZPAwOBOsheA2RUlW5UeroRfESwMq/guy8uEe3wJlAOjpOXuSevLRd70NZ37ZrpO6RHGHgEHvPg1h3S1Jug==

"@esbuild/openbsd-x64@0.19.9":
  version "0.19.9"
  resolved "https://registry.yarnpkg.com/@esbuild/openbsd-x64/-/openbsd-x64-0.19.9.tgz#1f57adfbee09c743292c6758a3642e875bcad1cf"
  integrity sha512-Ki6PlzppaFVbLnD8PtlVQfsYw4S9n3eQl87cqgeIw+O3sRr9IghpfSKY62mggdt1yCSZ8QWvTZ9jo9fjDSg9uw==

"@esbuild/sunos-x64@0.19.9":
  version "0.19.9"
  resolved "https://registry.yarnpkg.com/@esbuild/sunos-x64/-/sunos-x64-0.19.9.tgz#116be6adbd2c7479edeeb5f6ea0441002ab4cb9c"
  integrity sha512-MLHj7k9hWh4y1ddkBpvRj2b9NCBhfgBt3VpWbHQnXRedVun/hC7sIyTGDGTfsGuXo4ebik2+3ShjcPbhtFwWDw==

"@esbuild/win32-arm64@0.19.9":
  version "0.19.9"
  resolved "https://registry.yarnpkg.com/@esbuild/win32-arm64/-/win32-arm64-0.19.9.tgz#2be22131ab18af4693fd737b161d1ef34de8ca9d"
  integrity sha512-GQoa6OrQ8G08guMFgeXPH7yE/8Dt0IfOGWJSfSH4uafwdC7rWwrfE6P9N8AtPGIjUzdo2+7bN8Xo3qC578olhg==

"@esbuild/win32-ia32@0.19.9":
  version "0.19.9"
  resolved "https://registry.yarnpkg.com/@esbuild/win32-ia32/-/win32-ia32-0.19.9.tgz#e10ead5a55789b167b4225d2469324538768af7c"
  integrity sha512-UOozV7Ntykvr5tSOlGCrqU3NBr3d8JqPes0QWN2WOXfvkWVGRajC+Ym0/Wj88fUgecUCLDdJPDF0Nna2UK3Qtg==

"@esbuild/win32-x64@0.19.9":
  version "0.19.9"
  resolved "https://registry.yarnpkg.com/@esbuild/win32-x64/-/win32-x64-0.19.9.tgz#b2da6219b603e3fa371a78f53f5361260d0c5585"
  integrity sha512-oxoQgglOP7RH6iasDrhY+R/3cHrfwIDvRlT4CGChflq6twk8iENeVvMJjmvBb94Ik1Z+93iGO27err7w6l54GQ==

"@rollup/rollup-android-arm-eabi@4.8.0":
  version "4.8.0"
  resolved "https://registry.yarnpkg.com/@rollup/rollup-android-arm-eabi/-/rollup-android-arm-eabi-4.8.0.tgz#0e42b155630adaaec0f659f979ece4b7d3391329"
  integrity sha512-zdTObFRoNENrdPpnTNnhOljYIcOX7aI7+7wyrSpPFFIOf/nRdedE6IYsjaBE7tjukphh1tMTojgJ7p3lKY8x6Q==

"@rollup/rollup-android-arm64@4.8.0":
  version "4.8.0"
  resolved "https://registry.yarnpkg.com/@rollup/rollup-android-arm64/-/rollup-android-arm64-4.8.0.tgz#6c9fe8f9eb0cd9029be93b822b1a1c2d6b31c275"
  integrity sha512-aiItwP48BiGpMFS9Znjo/xCNQVwTQVcRKkFKsO81m8exrGjHkCBDvm9PHay2kpa8RPnZzzKcD1iQ9KaLY4fPQQ==

"@rollup/rollup-darwin-arm64@4.8.0":
  version "4.8.0"
  resolved "https://registry.yarnpkg.com/@rollup/rollup-darwin-arm64/-/rollup-darwin-arm64-4.8.0.tgz#7dcb1317a8089762c1f7e437c1e1d695b787b70f"
  integrity sha512-zhNIS+L4ZYkYQUjIQUR6Zl0RXhbbA0huvNIWjmPc2SL0cB1h5Djkcy+RZ3/Bwszfb6vgwUvcVJYD6e6Zkpsi8g==

"@rollup/rollup-darwin-x64@4.8.0":
  version "4.8.0"
  resolved "https://registry.yarnpkg.com/@rollup/rollup-darwin-x64/-/rollup-darwin-x64-4.8.0.tgz#91d7d31d22607c4fcccce9126457d6785c57f7c7"
  integrity sha512-A/FAHFRNQYrELrb/JHncRWzTTXB2ticiRFztP4ggIUAfa9Up1qfW8aG2w/mN9jNiZ+HB0t0u0jpJgFXG6BfRTA==

"@rollup/rollup-linux-arm-gnueabihf@4.8.0":
  version "4.8.0"
  resolved "https://registry.yarnpkg.com/@rollup/rollup-linux-arm-gnueabihf/-/rollup-linux-arm-gnueabihf-4.8.0.tgz#f2015d6e4ff41417f2e2c55b3d9625346e355c57"
  integrity sha512-JsidBnh3p2IJJA4/2xOF2puAYqbaczB3elZDT0qHxn362EIoIkq7hrR43Xa8RisgI6/WPfvb2umbGsuvf7E37A==

"@rollup/rollup-linux-arm64-gnu@4.8.0":
  version "4.8.0"
  resolved "https://registry.yarnpkg.com/@rollup/rollup-linux-arm64-gnu/-/rollup-linux-arm64-gnu-4.8.0.tgz#95207444b78f235c9de62797ec2a3dcd18daf473"
  integrity sha512-hBNCnqw3EVCkaPB0Oqd24bv8SklETptQWcJz06kb9OtiShn9jK1VuTgi7o4zPSt6rNGWQOTDEAccbk0OqJmS+g==

"@rollup/rollup-linux-arm64-musl@4.8.0":
  version "4.8.0"
  resolved "https://registry.yarnpkg.com/@rollup/rollup-linux-arm64-musl/-/rollup-linux-arm64-musl-4.8.0.tgz#bc994c676fd3aae14aaa905040fdcde461e41ce5"
  integrity sha512-Fw9ChYfJPdltvi9ALJ9wzdCdxGw4wtq4t1qY028b2O7GwB5qLNSGtqMsAel1lfWTZvf4b6/+4HKp0GlSYg0ahA==

"@rollup/rollup-linux-riscv64-gnu@4.8.0":
  version "4.8.0"
  resolved "https://registry.yarnpkg.com/@rollup/rollup-linux-riscv64-gnu/-/rollup-linux-riscv64-gnu-4.8.0.tgz#67984f1d1f663610f4e1f6e638a2b07169562448"
  integrity sha512-BH5xIh7tOzS9yBi8dFrCTG8Z6iNIGWGltd3IpTSKp6+pNWWO6qy8eKoRxOtwFbMrid5NZaidLYN6rHh9aB8bEw==

"@rollup/rollup-linux-x64-gnu@4.8.0":
  version "4.8.0"
  resolved "https://registry.yarnpkg.com/@rollup/rollup-linux-x64-gnu/-/rollup-linux-x64-gnu-4.8.0.tgz#48e09a455d543be986003c7c2ea37c16ff4a53d5"
  integrity sha512-PmvAj8k6EuWiyLbkNpd6BLv5XeYFpqWuRvRNRl80xVfpGXK/z6KYXmAgbI4ogz7uFiJxCnYcqyvZVD0dgFog7Q==

"@rollup/rollup-linux-x64-musl@4.8.0":
  version "4.8.0"
  resolved "https://registry.yarnpkg.com/@rollup/rollup-linux-x64-musl/-/rollup-linux-x64-musl-4.8.0.tgz#df8d0966b02d1bdc6447b5eb58fa18666da1f3e8"
  integrity sha512-mdxnlW2QUzXwY+95TuxZ+CurrhgrPAMveDWI97EQlA9bfhR8tw3Pt7SUlc/eSlCNxlWktpmT//EAA8UfCHOyXg==

"@rollup/rollup-win32-arm64-msvc@4.8.0":
  version "4.8.0"
  resolved "https://registry.yarnpkg.com/@rollup/rollup-win32-arm64-msvc/-/rollup-win32-arm64-msvc-4.8.0.tgz#7cce8efc5c9239a1bafe7ac2a52743bc5734471f"
  integrity sha512-ge7saUz38aesM4MA7Cad8CHo0Fyd1+qTaqoIo+Jtk+ipBi4ATSrHWov9/S4u5pbEQmLjgUjB7BJt+MiKG2kzmA==

"@rollup/rollup-win32-ia32-msvc@4.8.0":
  version "4.8.0"
  resolved "https://registry.yarnpkg.com/@rollup/rollup-win32-ia32-msvc/-/rollup-win32-ia32-msvc-4.8.0.tgz#794ef4058d04f97447e4434c083b1309b2be73c2"
  integrity sha512-p9E3PZlzurhlsN5h9g7zIP1DnqKXJe8ZUkFwAazqSvHuWfihlIISPxG9hCHCoA+dOOspL/c7ty1eeEVFTE0UTw==

"@rollup/rollup-win32-x64-msvc@4.8.0":
  version "4.8.0"
  resolved "https://registry.yarnpkg.com/@rollup/rollup-win32-x64-msvc/-/rollup-win32-x64-msvc-4.8.0.tgz#05057436705f0be9203c30612a48225ec70af741"
  integrity sha512-kb4/auKXkYKqlUYTE8s40FcJIj5soOyRLHKd4ugR0dCq0G2EfcF54eYcfQiGkHzjidZ40daB4ulsFdtqNKZtBg==

esbuild@^0.19.3:
  version "0.19.9"
  resolved "https://registry.yarnpkg.com/esbuild/-/esbuild-0.19.9.tgz#423a8f35153beb22c0b695da1cd1e6c0c8cdd490"
  integrity sha512-U9CHtKSy+EpPsEBa+/A2gMs/h3ylBC0H0KSqIg7tpztHerLi6nrrcoUJAkNCEPumx8yJ+Byic4BVwHgRbN0TBg==
  optionalDependencies:
    "@esbuild/android-arm" "0.19.9"
    "@esbuild/android-arm64" "0.19.9"
    "@esbuild/android-x64" "0.19.9"
    "@esbuild/darwin-arm64" "0.19.9"
    "@esbuild/darwin-x64" "0.19.9"
    "@esbuild/freebsd-arm64" "0.19.9"
    "@esbuild/freebsd-x64" "0.19.9"
    "@esbuild/linux-arm" "0.19.9"
    "@esbuild/linux-arm64" "0.19.9"
    "@esbuild/linux-ia32" "0.19.9"
    "@esbuild/linux-loong64" "0.19.9"
    "@esbuild/linux-mips64el" "0.19.9"
    "@esbuild/linux-ppc64" "0.19.9"
    "@esbuild/linux-riscv64" "0.19.9"
    "@esbuild/linux-s390x" "0.19.9"
    "@esbuild/linux-x64" "0.19.9"
    "@esbuild/netbsd-x64" "0.19.9"
    "@esbuild/openbsd-x64" "0.19.9"
    "@esbuild/sunos-x64" "0.19.9"
    "@esbuild/win32-arm64" "0.19.9"
    "@esbuild/win32-ia32" "0.19.9"
    "@esbuild/win32-x64" "0.19.9"

fsevents@~2.3.2, fsevents@~2.3.3:
  version "2.3.3"
  resolved "https://registry.yarnpkg.com/fsevents/-/fsevents-2.3.3.tgz#cac6407785d03675a2a5e1a5305c697b347d90d6"
  integrity sha512-5xoDfX+fL7faATnagmWPpbFtwh/R77WmMMqqHGS65C3vvB0YHrgF+B1YmZ3441tMj5n63k0212XNoJwzlhffQw==

nanoid@^3.3.7:
  version "3.3.7"
  resolved "https://registry.yarnpkg.com/nanoid/-/nanoid-3.3.7.tgz#d0c301a691bc8d54efa0a2226ccf3fe2fd656bd8"
  integrity sha512-eSRppjcPIatRIMC1U6UngP8XFcz8MQWGQdt1MTBQ7NaAmvXDfvNxbvWV3x2y6CdEUciCSsDHDQZbhYaB8QEo2g==

picocolors@^1.0.0:
  version "1.0.0"
  resolved "https://registry.yarnpkg.com/picocolors/-/picocolors-1.0.0.tgz#cb5bdc74ff3f51892236eaf79d68bc44564ab81c"
  integrity sha512-1fygroTLlHu66zi26VoTDv8yRgm0Fccecssto+MhsZ0D/DGW2sm8E8AjW7NU5VVTRt5GxbeZ5qBuJr+HyLYkjQ==

postcss@^8.4.32:
  version "8.4.32"
  resolved "https://registry.yarnpkg.com/postcss/-/postcss-8.4.32.tgz#1dac6ac51ab19adb21b8b34fd2d93a86440ef6c9"
  integrity sha512-D/kj5JNu6oo2EIy+XL/26JEDTlIbB8hw85G8StOE6L74RQAVVP5rej6wxCNqyMbR4RkPfqvezVbPw81Ngd6Kcw==
  dependencies:
    nanoid "^3.3.7"
    picocolors "^1.0.0"
    source-map-js "^1.0.2"

rollup@^4.2.0:
  version "4.8.0"
  resolved "https://registry.yarnpkg.com/rollup/-/rollup-4.8.0.tgz#365c34e85f1ed034de974dab934c1663cc69b754"
  integrity sha512-NpsklK2fach5CdI+PScmlE5R4Ao/FSWtF7LkoIrHDxPACY/xshNasPsbpG0VVHxUTbf74tJbVT4PrP8JsJ6ZDA==
  optionalDependencies:
    "@rollup/rollup-android-arm-eabi" "4.8.0"
    "@rollup/rollup-android-arm64" "4.8.0"
    "@rollup/rollup-darwin-arm64" "4.8.0"
    "@rollup/rollup-darwin-x64" "4.8.0"
    "@rollup/rollup-linux-arm-gnueabihf" "4.8.0"
    "@rollup/rollup-linux-arm64-gnu" "4.8.0"
    "@rollup/rollup-linux-arm64-musl" "4.8.0"
    "@rollup/rollup-linux-riscv64-gnu" "4.8.0"
    "@rollup/rollup-linux-x64-gnu" "4.8.0"
    "@rollup/rollup-linux-x64-musl" "4.8.0"
    "@rollup/rollup-win32-arm64-msvc" "4.8.0"
    "@rollup/rollup-win32-ia32-msvc" "4.8.0"
    "@rollup/rollup-win32-x64-msvc" "4.8.0"
    fsevents "~2.3.2"

source-map-js@^1.0.2:
  version "1.0.2"
  resolved "https://registry.yarnpkg.com/source-map-js/-/source-map-js-1.0.2.tgz#adbc361d9c62df380125e7f161f71c826f1e490c"
  integrity sha512-R0XvVJ9WusLiqTCEiGCmICCMplcCkIwwR11mOSD9CR5u+IXYdiseeEuXCVAjS54zqwkLcPNnmU4OeJ6tUrWhDw==

typescript@^5.2.2:
  version "5.3.3"
  resolved "https://registry.yarnpkg.com/typescript/-/typescript-5.3.3.tgz#b3ce6ba258e72e6305ba66f5c9b452aaee3ffe37"
  integrity sha512-pXWcraxM0uxAS+tN0AG/BF2TyqmHO014Z070UsJ+pFvYuRSq8KH8DmWpnbXe0pEPDHXZV3FcAbJkijJ5oNEnWw==

vite@^5.0.0:
  version "5.0.7"
  resolved "https://registry.yarnpkg.com/vite/-/vite-5.0.7.tgz#ad081d735f6769f76b556818500bdafb72c3fe93"
  integrity sha512-B4T4rJCDPihrQo2B+h1MbeGL/k/GMAHzhQ8S0LjQ142s6/+l3hHTT095ORvsshj4QCkoWu3Xtmob5mazvakaOw==
  dependencies:
    esbuild "^0.19.3"
    postcss "^8.4.32"
    rollup "^4.2.0"
  optionalDependencies:
    fsevents "~2.3.3"
